{
  "object": {
    "pins": [
      {
        "package": "Silver",
        "repositoryURL": "https://github.com/nashysolutions/Silver",
        "state": {
          "branch": null,
          "revision": "b16daaa13b52b1ef53a0500065cdb0891a980162",
          "version": "1.0.0"
        }
      }
    ]
  },
  "version": 1
}
