{
  "object": {
    "pins": [
      {
        "package": "Silver",
        "repositoryURL": "https://github.com/Nash-Engineering/Silver.git",
        "state": {
          "branch": null,
          "revision": "b7434f147119676631131e7651c55b70b564ca0a",
          "version": "1.1.0"
        }
      }
    ]
  },
  "version": 1
}
