{
  "object": {
    "pins": [
      {
        "package": "Silver",
        "repositoryURL": "https://github.com/Nash-Engineering/Silver.git",
        "state": {
          "branch": null,
          "revision": "3625ccae98eaacaae08ff5de78b4df67a496860e",
          "version": "1.0.0"
        }
      }
    ]
  },
  "version": 1
}
